{
    "_readme": [
        "This file locks the dependencies of your project to a known state",
        "Read more about it at http://getcomposer.org/doc/01-basic-usage.md#composer-lock-the-lock-file",
        "This file is @generated automatically"
    ],
    "hash": "516215f9a992c79551c3d9032a055f50",
    "packages": [
        {
            "name": "fkooman/json",
            "version": "0.6.0",
            "source": {
                "type": "git",
                "url": "https://github.com/fkooman/php-lib-json.git",
                "reference": "556209cf34cdf55f90eefffd778f93a3e9d5bb2d"
            },
            "dist": {
                "type": "zip",
                "url": "https://api.github.com/repos/fkooman/php-lib-json/zipball/556209cf34cdf55f90eefffd778f93a3e9d5bb2d",
                "reference": "556209cf34cdf55f90eefffd778f93a3e9d5bb2d",
                "shasum": ""
            },
            "require": {
                "php": ">=5.3.3"
            },
            "type": "library",
            "autoload": {
                "psr-0": {
                    "fkooman\\Json": "src/"
                }
            },
            "notification-url": "https://packagist.org/downloads/",
            "license": [
                "Apache-2.0"
            ],
            "authors": [
                {
                    "name": "François Kooman",
                    "email": "fkooman@tuxed.net",
                    "role": "Developer"
                }
            ],
            "description": "PHP library to encode and decode JSON",
            "time": "2014-10-22 12:49:20"
        },
        {
            "name": "fkooman/rest",
            "version": "0.6.1",
            "source": {
                "type": "git",
                "url": "https://github.com/fkooman/php-lib-rest.git",
                "reference": "3a3464df5d01bda08a3dff1f87f3cb4b82418431"
            },
            "dist": {
                "type": "zip",
                "url": "https://api.github.com/repos/fkooman/php-lib-rest/zipball/3a3464df5d01bda08a3dff1f87f3cb4b82418431",
                "reference": "3a3464df5d01bda08a3dff1f87f3cb4b82418431",
                "shasum": ""
            },
            "require": {
                "fkooman/json": "~0.6.0",
                "php": ">=5.3.3"
            },
            "suggest": {
                "fkooman/rest-plugin-basic": "Basic Authentication plugin",
                "fkooman/rest-plugin-bearer": "Bearer (OAuth) Authentication plugin",
                "fkooman/rest-plugin-mellon": "Mellon (SAML) Authentication plugin"
            },
            "type": "library",
            "autoload": {
                "psr-0": {
                    "fkooman\\Http": "src/",
                    "fkooman\\Rest": "src/"
                }
            },
            "notification-url": "https://packagist.org/downloads/",
            "license": [
                "Apache-2.0"
            ],
            "authors": [
                {
                    "name": "François Kooman",
                    "email": "fkooman@tuxed.net",
                    "role": "Developer"
                }
            ],
            "description": "Simple PHP library for writing REST services.",
            "time": "2014-10-22 12:56:41"
        },
        {
            "name": "ircmaxell/password-compat",
            "version": "1.0.3",
            "source": {
                "type": "git",
                "url": "https://github.com/ircmaxell/password_compat.git",
                "reference": "1fc1521b5e9794ea77e4eca30717be9635f1d4f4"
            },
            "dist": {
                "type": "zip",
                "url": "https://api.github.com/repos/ircmaxell/password_compat/zipball/1fc1521b5e9794ea77e4eca30717be9635f1d4f4",
                "reference": "1fc1521b5e9794ea77e4eca30717be9635f1d4f4",
                "shasum": ""
            },
            "type": "library",
            "autoload": {
                "files": [
                    "lib/password.php"
                ]
            },
            "notification-url": "https://packagist.org/downloads/",
            "license": [
                "MIT"
            ],
            "authors": [
                {
                    "name": "Anthony Ferrara",
                    "email": "ircmaxell@ircmaxell.com",
                    "homepage": "http://blog.ircmaxell.com"
                }
            ],
            "description": "A compatibility library for the proposed simplified password hashing algorithm: https://wiki.php.net/rfc/password_hash",
            "homepage": "https://github.com/ircmaxell/password_compat",
            "keywords": [
                "hashing",
                "password"
            ],
            "time": "2013-04-30 19:58:08"
        }
    ],
    "packages-dev": [],
    "aliases": [],
    "minimum-stability": "stable",
    "stability-flags": [],
    "prefer-stable": false,
    "platform": {
        "php": ">=5.3.3"
    },
    "platform-dev": []
}
